
Microsoft Visual Studio Solution File, Format Version 12.00
# Visual Studio Version 17
VisualStudioVersion = 17.2.32630.192
MinimumVisualStudioVersion = 10.0.40219.1
Project("{9A19103F-16F7-4668-BE54-9A1E7A4F7556}") = "R5T.L0065.Construction", "R5T.L0065.Construction\R5T.L0065.Construction.csproj", "{DFD7EE9B-9983-48FC-AB11-929B5AD7E9C5}"
EndProject
Project("{9A19103F-16F7-4668-BE54-9A1E7A4F7556}") = "R5T.L0065", "R5T.L0065\R5T.L0065.csproj", "{FEEC3ADE-B27B-46EF-8F3F-511FED0213FC}"
EndProject
Project("{9A19103F-16F7-4668-BE54-9A1E7A4F7556}") = "R5T.L0065.T000", "R5T.L0065.T000\R5T.L0065.T000.csproj", "{EB38FEF6-21E5-4E29-95A0-38EE78DA9B99}"
EndProject
Project("{2150E333-8FDC-42A3-9474-1A3956D46DE8}") = "_Dependencies", "_Dependencies", "{CCB4A740-7189-4DD5-9E72-421B1390A31C}"
EndProject
Project("{9A19103F-16F7-4668-BE54-9A1E7A4F7556}") = "R5T.F0000", "..\..\R5T.F0000\source\R5T.F0000\R5T.F0000.csproj", "{136C280D-1976-4CE3-9407-51B0B883A884}"
EndProject
Project("{9A19103F-16F7-4668-BE54-9A1E7A4F7556}") = "R5T.F0002", "..\..\R5T.F0002\source\R5T.F0002\R5T.F0002.csproj", "{EC220EAB-290A-4F0B-B0B7-6CB3DB605E49}"
EndProject
Project("{9A19103F-16F7-4668-BE54-9A1E7A4F7556}") = "R5T.F0120", "..\..\R5T.F0120\source\R5T.F0120\R5T.F0120.csproj", "{87F0C0DD-EBD8-4502-942C-1B6E13A78A2C}"
EndProject
Project("{9A19103F-16F7-4668-BE54-9A1E7A4F7556}") = "R5T.F0124", "..\..\R5T.F0124\source\R5T.F0124\R5T.F0124.csproj", "{80BBA501-0FE7-4245-985D-B49653F28410}"
EndProject
Project("{9A19103F-16F7-4668-BE54-9A1E7A4F7556}") = "R5T.F0125", "..\..\R5T.F0125\source\R5T.F0125\R5T.F0125.csproj", "{515B7324-08F1-4ACF-B87B-64FDDE7AC129}"
EndProject
Project("{9A19103F-16F7-4668-BE54-9A1E7A4F7556}") = "R5T.L0030.T000", "..\..\R5T.L0030\source\R5T.L0030.T000\R5T.L0030.T000.csproj", "{47A5A78C-C53C-406C-AB5A-4875A6595EED}"
EndProject
Project("{9A19103F-16F7-4668-BE54-9A1E7A4F7556}") = "R5T.L0030", "..\..\R5T.L0030\source\R5T.L0030\R5T.L0030.csproj", "{BD57EC31-DE9C-4D75-BE83-2F929DB760AE}"
EndProject
Project("{9A19103F-16F7-4668-BE54-9A1E7A4F7556}") = "R5T.L0034", "..\..\R5T.L0034\source\R5T.L0034\R5T.L0034.csproj", "{00345BD3-AC5B-456E-919F-3E75EC07443B}"
EndProject
Project("{9A19103F-16F7-4668-BE54-9A1E7A4F7556}") = "R5T.L0035", "..\..\R5T.L0035\source\R5T.L0035\R5T.L0035.csproj", "{292E6DBD-E074-4906-87ED-EE7FF69B8683}"
EndProject
Project("{9A19103F-16F7-4668-BE54-9A1E7A4F7556}") = "R5T.L0053", "..\..\R5T.L0053\source\R5T.L0053\R5T.L0053.csproj", "{3140F78E-C92E-473F-A194-3C81E761EBA6}"
EndProject
Project("{9A19103F-16F7-4668-BE54-9A1E7A4F7556}") = "R5T.NG0022", "..\..\R5T.NG0022\source\R5T.NG0022\R5T.NG0022.csproj", "{4682F7EC-E519-4EEF-B799-7E91669F449C}"
EndProject
Project("{9A19103F-16F7-4668-BE54-9A1E7A4F7556}") = "R5T.T0131", "..\..\R5T.T0131\source\R5T.T0131\R5T.T0131.csproj", "{32C9FD3A-D8C4-4E2D-8DC3-D222EF58258F}"
EndProject
Project("{9A19103F-16F7-4668-BE54-9A1E7A4F7556}") = "R5T.T0132", "..\..\R5T.T0132\source\R5T.T0132\R5T.T0132.csproj", "{1B0D5048-3634-4109-B2AA-097F31B8CEC4}"
EndProject
Project("{9A19103F-16F7-4668-BE54-9A1E7A4F7556}") = "R5T.T0142", "..\..\R5T.T0142\source\R5T.T0142\R5T.T0142.csproj", "{37EE411C-64A0-40F8-A3EC-C35244571589}"
EndProject
Project("{9A19103F-16F7-4668-BE54-9A1E7A4F7556}") = "R5T.T0143", "..\..\R5T.T0143\source\R5T.T0143\R5T.T0143.csproj", "{B76A8804-08FE-44F9-959A-00A9F9DC64FE}"
EndProject
Project("{9A19103F-16F7-4668-BE54-9A1E7A4F7556}") = "R5T.T0156", "..\..\R5T.T0156\source\R5T.T0156\R5T.T0156.csproj", "{88FBDDCD-5DB2-4264-9467-50A93D1B4F30}"
EndProject
Project("{9A19103F-16F7-4668-BE54-9A1E7A4F7556}") = "R5T.T0174", "..\..\R5T.T0174\source\R5T.T0174\R5T.T0174.csproj", "{05A597C1-6F3E-4AC1-94BD-56978E4A0330}"
EndProject
Project("{9A19103F-16F7-4668-BE54-9A1E7A4F7556}") = "R5T.T0176", "..\..\R5T.T0176\source\R5T.T0176\R5T.T0176.csproj", "{26B78BDC-A8B4-4746-BA35-6D80E0AAF544}"
EndProject
Project("{9A19103F-16F7-4668-BE54-9A1E7A4F7556}") = "R5T.T0177", "..\..\R5T.T0177\source\R5T.T0177\R5T.T0177.csproj", "{5440ECDF-325C-4737-8AC1-17336A5969E2}"
EndProject
Project("{9A19103F-16F7-4668-BE54-9A1E7A4F7556}") = "R5T.T0178", "..\..\R5T.T0178\source\R5T.T0178\R5T.T0178.csproj", "{9102CCC7-E470-4FA2-BA35-82E2693A4682}"
EndProject
Project("{9A19103F-16F7-4668-BE54-9A1E7A4F7556}") = "R5T.T0179", "..\..\R5T.T0179\source\R5T.T0179\R5T.T0179.csproj", "{4AF9C457-E538-47C1-85FA-9C6049DB84B9}"
EndProject
Project("{9A19103F-16F7-4668-BE54-9A1E7A4F7556}") = "R5T.T0180", "..\..\R5T.T0180\source\R5T.T0180\R5T.T0180.csproj", "{7A190A89-81DD-400B-9B1A-B81BAEED6983}"
EndProject
Project("{9A19103F-16F7-4668-BE54-9A1E7A4F7556}") = "R5T.T0181", "..\..\R5T.T0181\source\R5T.T0181\R5T.T0181.csproj", "{FEAFAFDB-9453-490C-AC0F-0A715A077E46}"
EndProject
Project("{9A19103F-16F7-4668-BE54-9A1E7A4F7556}") = "R5T.T0185", "..\..\R5T.T0185\source\R5T.T0185\R5T.T0185.csproj", "{9F155956-07A7-4F99-A8E5-016FAFCB802B}"
EndProject
Project("{9A19103F-16F7-4668-BE54-9A1E7A4F7556}") = "R5T.T0199", "..\..\R5T.T0199\source\R5T.T0199\R5T.T0199.csproj", "{E2762313-F3CA-4B21-A0AF-291469D12739}"
EndProject
Project("{9A19103F-16F7-4668-BE54-9A1E7A4F7556}") = "R5T.T0203", "..\..\R5T.T0203\source\R5T.T0203\R5T.T0203.csproj", "{C8D7B796-0206-4321-BE55-A931204AEDBC}"
EndProject
Project("{9A19103F-16F7-4668-BE54-9A1E7A4F7556}") = "R5T.T0220", "..\..\R5T.T0220\source\R5T.T0220\R5T.T0220.csproj", "{C0D5204A-DA9A-44B0-9F6C-BCE5264142F8}"
EndProject
Project("{9A19103F-16F7-4668-BE54-9A1E7A4F7556}") = "R5T.T0221", "..\..\R5T.T0221\source\R5T.T0221\R5T.T0221.csproj", "{565120B5-E420-4C13-B40C-488084E47517}"
EndProject
Project("{9A19103F-16F7-4668-BE54-9A1E7A4F7556}") = "R5T.Y0000", "..\..\R5T.Y0000\source\R5T.Y0000\R5T.Y0000.csproj", "{B9C37D44-F4BE-4C62-BFBD-8FDE6AB8D8E8}"
EndProject
Project("{9A19103F-16F7-4668-BE54-9A1E7A4F7556}") = "R5T.Z0000", "..\..\R5T.Z0000\source\R5T.Z0000\R5T.Z0000.csproj", "{E82C32E5-173D-493E-9D42-88A4A621D261}"
EndProject
Project("{9A19103F-16F7-4668-BE54-9A1E7A4F7556}") = "R5T.Z0010.Platform", "..\..\R5T.Z0010\source\R5T.Z0010.Platform\R5T.Z0010.Platform.csproj", "{352FA514-6CAC-420E-A1BC-1509804B8D64}"
EndProject
Project("{9A19103F-16F7-4668-BE54-9A1E7A4F7556}") = "R5T.L0062.L001", "..\..\R5T.L0062\source\R5T.L0062.L001\R5T.L0062.L001.csproj", "{30485148-A331-4C6F-A7B8-2B6822FCF041}"
EndProject
Project("{9A19103F-16F7-4668-BE54-9A1E7A4F7556}") = "R5T.L0065.F000", "R5T.L0065.F000\R5T.L0065.F000.csproj", "{93AE94A9-A1F8-48EA-AE7D-BC80EB52996A}"
EndProject
Project("{9A19103F-16F7-4668-BE54-9A1E7A4F7556}") = "R5T.L0065.F001", "R5T.L0065.F001\R5T.L0065.F001.csproj", "{2D8E3378-9D32-4E72-9235-7A49DF0ECED1}"
EndProject
Project("{9A19103F-16F7-4668-BE54-9A1E7A4F7556}") = "R5T.L0065.F002", "R5T.L0065.F002\R5T.L0065.F002.csproj", "{531FC3A7-9713-4108-A404-99A0E08B95B0}"
EndProject
Project("{9A19103F-16F7-4668-BE54-9A1E7A4F7556}") = "R5T.L0062.T000", "..\..\R5T.L0062\source\R5T.L0062.T000\R5T.L0062.T000.csproj", "{CBD26A6D-E8BE-4691-8226-9FA241D511B7}"
EndProject
Project("{9A19103F-16F7-4668-BE54-9A1E7A4F7556}") = "R5T.L0062.F000", "..\..\R5T.L0062\source\R5T.L0062.F000\R5T.L0062.F000.csproj", "{9C258DF5-3A44-468A-9FD7-F2A9EF61FA13}"
EndProject
Project("{9A19103F-16F7-4668-BE54-9A1E7A4F7556}") = "R5T.L0063.F000", "..\..\R5T.L0063\source\R5T.L0063.F000\R5T.L0063.F000.csproj", "{6175BDA4-B180-49C9-90EE-E8F77E398CEF}"
EndProject
Project("{9A19103F-16F7-4668-BE54-9A1E7A4F7556}") = "R5T.L0063.Z000", "..\..\R5T.L0063\source\R5T.L0063.Z000\R5T.L0063.Z000.csproj", "{B79516C0-1629-420F-93A9-86511CE6DD2C}"
EndProject
Project("{9A19103F-16F7-4668-BE54-9A1E7A4F7556}") = "R5T.L0062.Z000", "..\..\R5T.L0062\source\R5T.L0062.Z000\R5T.L0062.Z000.csproj", "{04468708-3F72-4C02-ABFC-E208D51A1B90}"
EndProject
Project("{9A19103F-16F7-4668-BE54-9A1E7A4F7556}") = "R5T.L0065.F003", "R5T.L0065.F003\R5T.L0065.F003.csproj", "{07662A9C-DE6A-4561-B18A-8DDA097625D2}"
EndProject
Project("{9A19103F-16F7-4668-BE54-9A1E7A4F7556}") = "R5T.L0066", "..\..\R5T.L0066\source\R5T.L0066\R5T.L0066.csproj", "{DB027090-2AB3-4B46-8585-4828A26847B4}"
EndProject
Project("{9A19103F-16F7-4668-BE54-9A1E7A4F7556}") = "R5T.L0063.T000", "..\..\R5T.L0063\source\R5T.L0063.T000\R5T.L0063.T000.csproj", "{675DF021-9551-4826-BE13-072CD8AE1227}"
EndProject
Project("{9A19103F-16F7-4668-BE54-9A1E7A4F7556}") = "R5T.L0065.F004", "R5T.L0065.F004\R5T.L0065.F004.csproj", "{43D031CB-8311-4C19-8F94-09100E2D3310}"
EndProject
Global
	GlobalSection(NestedProjects) = preSolution
		{136C280D-1976-4CE3-9407-51B0B883A884} = {CCB4A740-7189-4DD5-9E72-421B1390A31C}
		{EC220EAB-290A-4F0B-B0B7-6CB3DB605E49} = {CCB4A740-7189-4DD5-9E72-421B1390A31C}
		{87F0C0DD-EBD8-4502-942C-1B6E13A78A2C} = {CCB4A740-7189-4DD5-9E72-421B1390A31C}
		{80BBA501-0FE7-4245-985D-B49653F28410} = {CCB4A740-7189-4DD5-9E72-421B1390A31C}
		{515B7324-08F1-4ACF-B87B-64FDDE7AC129} = {CCB4A740-7189-4DD5-9E72-421B1390A31C}
		{47A5A78C-C53C-406C-AB5A-4875A6595EED} = {CCB4A740-7189-4DD5-9E72-421B1390A31C}
		{BD57EC31-DE9C-4D75-BE83-2F929DB760AE} = {CCB4A740-7189-4DD5-9E72-421B1390A31C}
		{00345BD3-AC5B-456E-919F-3E75EC07443B} = {CCB4A740-7189-4DD5-9E72-421B1390A31C}
		{292E6DBD-E074-4906-87ED-EE7FF69B8683} = {CCB4A740-7189-4DD5-9E72-421B1390A31C}
		{3140F78E-C92E-473F-A194-3C81E761EBA6} = {CCB4A740-7189-4DD5-9E72-421B1390A31C}
		{4682F7EC-E519-4EEF-B799-7E91669F449C} = {CCB4A740-7189-4DD5-9E72-421B1390A31C}
		{32C9FD3A-D8C4-4E2D-8DC3-D222EF58258F} = {CCB4A740-7189-4DD5-9E72-421B1390A31C}
		{1B0D5048-3634-4109-B2AA-097F31B8CEC4} = {CCB4A740-7189-4DD5-9E72-421B1390A31C}
		{37EE411C-64A0-40F8-A3EC-C35244571589} = {CCB4A740-7189-4DD5-9E72-421B1390A31C}
		{B76A8804-08FE-44F9-959A-00A9F9DC64FE} = {CCB4A740-7189-4DD5-9E72-421B1390A31C}
		{88FBDDCD-5DB2-4264-9467-50A93D1B4F30} = {CCB4A740-7189-4DD5-9E72-421B1390A31C}
		{05A597C1-6F3E-4AC1-94BD-56978E4A0330} = {CCB4A740-7189-4DD5-9E72-421B1390A31C}
		{26B78BDC-A8B4-4746-BA35-6D80E0AAF544} = {CCB4A740-7189-4DD5-9E72-421B1390A31C}
		{5440ECDF-325C-4737-8AC1-17336A5969E2} = {CCB4A740-7189-4DD5-9E72-421B1390A31C}
		{9102CCC7-E470-4FA2-BA35-82E2693A4682} = {CCB4A740-7189-4DD5-9E72-421B1390A31C}
		{4AF9C457-E538-47C1-85FA-9C6049DB84B9} = {CCB4A740-7189-4DD5-9E72-421B1390A31C}
		{7A190A89-81DD-400B-9B1A-B81BAEED6983} = {CCB4A740-7189-4DD5-9E72-421B1390A31C}
		{FEAFAFDB-9453-490C-AC0F-0A715A077E46} = {CCB4A740-7189-4DD5-9E72-421B1390A31C}
		{9F155956-07A7-4F99-A8E5-016FAFCB802B} = {CCB4A740-7189-4DD5-9E72-421B1390A31C}
		{E2762313-F3CA-4B21-A0AF-291469D12739} = {CCB4A740-7189-4DD5-9E72-421B1390A31C}
		{C8D7B796-0206-4321-BE55-A931204AEDBC} = {CCB4A740-7189-4DD5-9E72-421B1390A31C}
		{C0D5204A-DA9A-44B0-9F6C-BCE5264142F8} = {CCB4A740-7189-4DD5-9E72-421B1390A31C}
		{565120B5-E420-4C13-B40C-488084E47517} = {CCB4A740-7189-4DD5-9E72-421B1390A31C}
		{B9C37D44-F4BE-4C62-BFBD-8FDE6AB8D8E8} = {CCB4A740-7189-4DD5-9E72-421B1390A31C}
		{E82C32E5-173D-493E-9D42-88A4A621D261} = {CCB4A740-7189-4DD5-9E72-421B1390A31C}
		{352FA514-6CAC-420E-A1BC-1509804B8D64} = {CCB4A740-7189-4DD5-9E72-421B1390A31C}
		{30485148-A331-4C6F-A7B8-2B6822FCF041} = {CCB4A740-7189-4DD5-9E72-421B1390A31C}
		{CBD26A6D-E8BE-4691-8226-9FA241D511B7} = {CCB4A740-7189-4DD5-9E72-421B1390A31C}
		{9C258DF5-3A44-468A-9FD7-F2A9EF61FA13} = {CCB4A740-7189-4DD5-9E72-421B1390A31C}
		{6175BDA4-B180-49C9-90EE-E8F77E398CEF} = {CCB4A740-7189-4DD5-9E72-421B1390A31C}
		{B79516C0-1629-420F-93A9-86511CE6DD2C} = {CCB4A740-7189-4DD5-9E72-421B1390A31C}
		{04468708-3F72-4C02-ABFC-E208D51A1B90} = {CCB4A740-7189-4DD5-9E72-421B1390A31C}
		{DB027090-2AB3-4B46-8585-4828A26847B4} = {CCB4A740-7189-4DD5-9E72-421B1390A31C}
		{675DF021-9551-4826-BE13-072CD8AE1227} = {CCB4A740-7189-4DD5-9E72-421B1390A31C}
	EndGlobalSection
	GlobalSection(SolutionConfigurationPlatforms) = preSolution
		Debug|Any CPU = Debug|Any CPU
		Release|Any CPU = Release|Any CPU
	EndGlobalSection
	GlobalSection(ProjectConfigurationPlatforms) = postSolution
		{DFD7EE9B-9983-48FC-AB11-929B5AD7E9C5}.Debug|Any CPU.ActiveCfg = Debug|Any CPU
		{DFD7EE9B-9983-48FC-AB11-929B5AD7E9C5}.Debug|Any CPU.Build.0 = Debug|Any CPU
		{DFD7EE9B-9983-48FC-AB11-929B5AD7E9C5}.Release|Any CPU.ActiveCfg = Release|Any CPU
		{DFD7EE9B-9983-48FC-AB11-929B5AD7E9C5}.Release|Any CPU.Build.0 = Release|Any CPU
		{FEEC3ADE-B27B-46EF-8F3F-511FED0213FC}.Debug|Any CPU.ActiveCfg = Debug|Any CPU
		{FEEC3ADE-B27B-46EF-8F3F-511FED0213FC}.Debug|Any CPU.Build.0 = Debug|Any CPU
		{FEEC3ADE-B27B-46EF-8F3F-511FED0213FC}.Release|Any CPU.ActiveCfg = Release|Any CPU
		{FEEC3ADE-B27B-46EF-8F3F-511FED0213FC}.Release|Any CPU.Build.0 = Release|Any CPU
		{EB38FEF6-21E5-4E29-95A0-38EE78DA9B99}.Debug|Any CPU.ActiveCfg = Debug|Any CPU
		{EB38FEF6-21E5-4E29-95A0-38EE78DA9B99}.Debug|Any CPU.Build.0 = Debug|Any CPU
		{EB38FEF6-21E5-4E29-95A0-38EE78DA9B99}.Release|Any CPU.ActiveCfg = Release|Any CPU
		{EB38FEF6-21E5-4E29-95A0-38EE78DA9B99}.Release|Any CPU.Build.0 = Release|Any CPU
		{136C280D-1976-4CE3-9407-51B0B883A884}.Debug|Any CPU.ActiveCfg = Debug|Any CPU
		{136C280D-1976-4CE3-9407-51B0B883A884}.Debug|Any CPU.Build.0 = Debug|Any CPU
		{136C280D-1976-4CE3-9407-51B0B883A884}.Release|Any CPU.ActiveCfg = Release|Any CPU
		{136C280D-1976-4CE3-9407-51B0B883A884}.Release|Any CPU.Build.0 = Release|Any CPU
		{EC220EAB-290A-4F0B-B0B7-6CB3DB605E49}.Debug|Any CPU.ActiveCfg = Debug|Any CPU
		{EC220EAB-290A-4F0B-B0B7-6CB3DB605E49}.Debug|Any CPU.Build.0 = Debug|Any CPU
		{EC220EAB-290A-4F0B-B0B7-6CB3DB605E49}.Release|Any CPU.ActiveCfg = Release|Any CPU
		{EC220EAB-290A-4F0B-B0B7-6CB3DB605E49}.Release|Any CPU.Build.0 = Release|Any CPU
		{87F0C0DD-EBD8-4502-942C-1B6E13A78A2C}.Debug|Any CPU.ActiveCfg = Debug|Any CPU
		{87F0C0DD-EBD8-4502-942C-1B6E13A78A2C}.Debug|Any CPU.Build.0 = Debug|Any CPU
		{87F0C0DD-EBD8-4502-942C-1B6E13A78A2C}.Release|Any CPU.ActiveCfg = Release|Any CPU
		{87F0C0DD-EBD8-4502-942C-1B6E13A78A2C}.Release|Any CPU.Build.0 = Release|Any CPU
		{80BBA501-0FE7-4245-985D-B49653F28410}.Debug|Any CPU.ActiveCfg = Debug|Any CPU
		{80BBA501-0FE7-4245-985D-B49653F28410}.Debug|Any CPU.Build.0 = Debug|Any CPU
		{80BBA501-0FE7-4245-985D-B49653F28410}.Release|Any CPU.ActiveCfg = Release|Any CPU
		{80BBA501-0FE7-4245-985D-B49653F28410}.Release|Any CPU.Build.0 = Release|Any CPU
		{515B7324-08F1-4ACF-B87B-64FDDE7AC129}.Debug|Any CPU.ActiveCfg = Debug|Any CPU
		{515B7324-08F1-4ACF-B87B-64FDDE7AC129}.Debug|Any CPU.Build.0 = Debug|Any CPU
		{515B7324-08F1-4ACF-B87B-64FDDE7AC129}.Release|Any CPU.ActiveCfg = Release|Any CPU
		{515B7324-08F1-4ACF-B87B-64FDDE7AC129}.Release|Any CPU.Build.0 = Release|Any CPU
		{47A5A78C-C53C-406C-AB5A-4875A6595EED}.Debug|Any CPU.ActiveCfg = Debug|Any CPU
		{47A5A78C-C53C-406C-AB5A-4875A6595EED}.Debug|Any CPU.Build.0 = Debug|Any CPU
		{47A5A78C-C53C-406C-AB5A-4875A6595EED}.Release|Any CPU.ActiveCfg = Release|Any CPU
		{47A5A78C-C53C-406C-AB5A-4875A6595EED}.Release|Any CPU.Build.0 = Release|Any CPU
		{BD57EC31-DE9C-4D75-BE83-2F929DB760AE}.Debug|Any CPU.ActiveCfg = Debug|Any CPU
		{BD57EC31-DE9C-4D75-BE83-2F929DB760AE}.Debug|Any CPU.Build.0 = Debug|Any CPU
		{BD57EC31-DE9C-4D75-BE83-2F929DB760AE}.Release|Any CPU.ActiveCfg = Release|Any CPU
		{BD57EC31-DE9C-4D75-BE83-2F929DB760AE}.Release|Any CPU.Build.0 = Release|Any CPU
		{00345BD3-AC5B-456E-919F-3E75EC07443B}.Debug|Any CPU.ActiveCfg = Debug|Any CPU
		{00345BD3-AC5B-456E-919F-3E75EC07443B}.Debug|Any CPU.Build.0 = Debug|Any CPU
		{00345BD3-AC5B-456E-919F-3E75EC07443B}.Release|Any CPU.ActiveCfg = Release|Any CPU
		{00345BD3-AC5B-456E-919F-3E75EC07443B}.Release|Any CPU.Build.0 = Release|Any CPU
		{292E6DBD-E074-4906-87ED-EE7FF69B8683}.Debug|Any CPU.ActiveCfg = Debug|Any CPU
		{292E6DBD-E074-4906-87ED-EE7FF69B8683}.Debug|Any CPU.Build.0 = Debug|Any CPU
		{292E6DBD-E074-4906-87ED-EE7FF69B8683}.Release|Any CPU.ActiveCfg = Release|Any CPU
		{292E6DBD-E074-4906-87ED-EE7FF69B8683}.Release|Any CPU.Build.0 = Release|Any CPU
		{3140F78E-C92E-473F-A194-3C81E761EBA6}.Debug|Any CPU.ActiveCfg = Debug|Any CPU
		{3140F78E-C92E-473F-A194-3C81E761EBA6}.Debug|Any CPU.Build.0 = Debug|Any CPU
		{3140F78E-C92E-473F-A194-3C81E761EBA6}.Release|Any CPU.ActiveCfg = Release|Any CPU
		{3140F78E-C92E-473F-A194-3C81E761EBA6}.Release|Any CPU.Build.0 = Release|Any CPU
		{4682F7EC-E519-4EEF-B799-7E91669F449C}.Debug|Any CPU.ActiveCfg = Debug|Any CPU
		{4682F7EC-E519-4EEF-B799-7E91669F449C}.Debug|Any CPU.Build.0 = Debug|Any CPU
		{4682F7EC-E519-4EEF-B799-7E91669F449C}.Release|Any CPU.ActiveCfg = Release|Any CPU
		{4682F7EC-E519-4EEF-B799-7E91669F449C}.Release|Any CPU.Build.0 = Release|Any CPU
		{32C9FD3A-D8C4-4E2D-8DC3-D222EF58258F}.Debug|Any CPU.ActiveCfg = Debug|Any CPU
		{32C9FD3A-D8C4-4E2D-8DC3-D222EF58258F}.Debug|Any CPU.Build.0 = Debug|Any CPU
		{32C9FD3A-D8C4-4E2D-8DC3-D222EF58258F}.Release|Any CPU.ActiveCfg = Release|Any CPU
		{32C9FD3A-D8C4-4E2D-8DC3-D222EF58258F}.Release|Any CPU.Build.0 = Release|Any CPU
		{1B0D5048-3634-4109-B2AA-097F31B8CEC4}.Debug|Any CPU.ActiveCfg = Debug|Any CPU
		{1B0D5048-3634-4109-B2AA-097F31B8CEC4}.Debug|Any CPU.Build.0 = Debug|Any CPU
		{1B0D5048-3634-4109-B2AA-097F31B8CEC4}.Release|Any CPU.ActiveCfg = Release|Any CPU
		{1B0D5048-3634-4109-B2AA-097F31B8CEC4}.Release|Any CPU.Build.0 = Release|Any CPU
		{37EE411C-64A0-40F8-A3EC-C35244571589}.Debug|Any CPU.ActiveCfg = Debug|Any CPU
		{37EE411C-64A0-40F8-A3EC-C35244571589}.Debug|Any CPU.Build.0 = Debug|Any CPU
		{37EE411C-64A0-40F8-A3EC-C35244571589}.Release|Any CPU.ActiveCfg = Release|Any CPU
		{37EE411C-64A0-40F8-A3EC-C35244571589}.Release|Any CPU.Build.0 = Release|Any CPU
		{B76A8804-08FE-44F9-959A-00A9F9DC64FE}.Debug|Any CPU.ActiveCfg = Debug|Any CPU
		{B76A8804-08FE-44F9-959A-00A9F9DC64FE}.Debug|Any CPU.Build.0 = Debug|Any CPU
		{B76A8804-08FE-44F9-959A-00A9F9DC64FE}.Release|Any CPU.ActiveCfg = Release|Any CPU
		{B76A8804-08FE-44F9-959A-00A9F9DC64FE}.Release|Any CPU.Build.0 = Release|Any CPU
		{88FBDDCD-5DB2-4264-9467-50A93D1B4F30}.Debug|Any CPU.ActiveCfg = Debug|Any CPU
		{88FBDDCD-5DB2-4264-9467-50A93D1B4F30}.Debug|Any CPU.Build.0 = Debug|Any CPU
		{88FBDDCD-5DB2-4264-9467-50A93D1B4F30}.Release|Any CPU.ActiveCfg = Release|Any CPU
		{88FBDDCD-5DB2-4264-9467-50A93D1B4F30}.Release|Any CPU.Build.0 = Release|Any CPU
		{05A597C1-6F3E-4AC1-94BD-56978E4A0330}.Debug|Any CPU.ActiveCfg = Debug|Any CPU
		{05A597C1-6F3E-4AC1-94BD-56978E4A0330}.Debug|Any CPU.Build.0 = Debug|Any CPU
		{05A597C1-6F3E-4AC1-94BD-56978E4A0330}.Release|Any CPU.ActiveCfg = Release|Any CPU
		{05A597C1-6F3E-4AC1-94BD-56978E4A0330}.Release|Any CPU.Build.0 = Release|Any CPU
		{26B78BDC-A8B4-4746-BA35-6D80E0AAF544}.Debug|Any CPU.ActiveCfg = Debug|Any CPU
		{26B78BDC-A8B4-4746-BA35-6D80E0AAF544}.Debug|Any CPU.Build.0 = Debug|Any CPU
		{26B78BDC-A8B4-4746-BA35-6D80E0AAF544}.Release|Any CPU.ActiveCfg = Release|Any CPU
		{26B78BDC-A8B4-4746-BA35-6D80E0AAF544}.Release|Any CPU.Build.0 = Release|Any CPU
		{5440ECDF-325C-4737-8AC1-17336A5969E2}.Debug|Any CPU.ActiveCfg = Debug|Any CPU
		{5440ECDF-325C-4737-8AC1-17336A5969E2}.Debug|Any CPU.Build.0 = Debug|Any CPU
		{5440ECDF-325C-4737-8AC1-17336A5969E2}.Release|Any CPU.ActiveCfg = Release|Any CPU
		{5440ECDF-325C-4737-8AC1-17336A5969E2}.Release|Any CPU.Build.0 = Release|Any CPU
		{9102CCC7-E470-4FA2-BA35-82E2693A4682}.Debug|Any CPU.ActiveCfg = Debug|Any CPU
		{9102CCC7-E470-4FA2-BA35-82E2693A4682}.Debug|Any CPU.Build.0 = Debug|Any CPU
		{9102CCC7-E470-4FA2-BA35-82E2693A4682}.Release|Any CPU.ActiveCfg = Release|Any CPU
		{9102CCC7-E470-4FA2-BA35-82E2693A4682}.Release|Any CPU.Build.0 = Release|Any CPU
		{4AF9C457-E538-47C1-85FA-9C6049DB84B9}.Debug|Any CPU.ActiveCfg = Debug|Any CPU
		{4AF9C457-E538-47C1-85FA-9C6049DB84B9}.Debug|Any CPU.Build.0 = Debug|Any CPU
		{4AF9C457-E538-47C1-85FA-9C6049DB84B9}.Release|Any CPU.ActiveCfg = Release|Any CPU
		{4AF9C457-E538-47C1-85FA-9C6049DB84B9}.Release|Any CPU.Build.0 = Release|Any CPU
		{7A190A89-81DD-400B-9B1A-B81BAEED6983}.Debug|Any CPU.ActiveCfg = Debug|Any CPU
		{7A190A89-81DD-400B-9B1A-B81BAEED6983}.Debug|Any CPU.Build.0 = Debug|Any CPU
		{7A190A89-81DD-400B-9B1A-B81BAEED6983}.Release|Any CPU.ActiveCfg = Release|Any CPU
		{7A190A89-81DD-400B-9B1A-B81BAEED6983}.Release|Any CPU.Build.0 = Release|Any CPU
		{FEAFAFDB-9453-490C-AC0F-0A715A077E46}.Debug|Any CPU.ActiveCfg = Debug|Any CPU
		{FEAFAFDB-9453-490C-AC0F-0A715A077E46}.Debug|Any CPU.Build.0 = Debug|Any CPU
		{FEAFAFDB-9453-490C-AC0F-0A715A077E46}.Release|Any CPU.ActiveCfg = Release|Any CPU
		{FEAFAFDB-9453-490C-AC0F-0A715A077E46}.Release|Any CPU.Build.0 = Release|Any CPU
		{9F155956-07A7-4F99-A8E5-016FAFCB802B}.Debug|Any CPU.ActiveCfg = Debug|Any CPU
		{9F155956-07A7-4F99-A8E5-016FAFCB802B}.Debug|Any CPU.Build.0 = Debug|Any CPU
		{9F155956-07A7-4F99-A8E5-016FAFCB802B}.Release|Any CPU.ActiveCfg = Release|Any CPU
		{9F155956-07A7-4F99-A8E5-016FAFCB802B}.Release|Any CPU.Build.0 = Release|Any CPU
		{E2762313-F3CA-4B21-A0AF-291469D12739}.Debug|Any CPU.ActiveCfg = Debug|Any CPU
		{E2762313-F3CA-4B21-A0AF-291469D12739}.Debug|Any CPU.Build.0 = Debug|Any CPU
		{E2762313-F3CA-4B21-A0AF-291469D12739}.Release|Any CPU.ActiveCfg = Release|Any CPU
		{E2762313-F3CA-4B21-A0AF-291469D12739}.Release|Any CPU.Build.0 = Release|Any CPU
		{C8D7B796-0206-4321-BE55-A931204AEDBC}.Debug|Any CPU.ActiveCfg = Debug|Any CPU
		{C8D7B796-0206-4321-BE55-A931204AEDBC}.Debug|Any CPU.Build.0 = Debug|Any CPU
		{C8D7B796-0206-4321-BE55-A931204AEDBC}.Release|Any CPU.ActiveCfg = Release|Any CPU
		{C8D7B796-0206-4321-BE55-A931204AEDBC}.Release|Any CPU.Build.0 = Release|Any CPU
		{C0D5204A-DA9A-44B0-9F6C-BCE5264142F8}.Debug|Any CPU.ActiveCfg = Debug|Any CPU
		{C0D5204A-DA9A-44B0-9F6C-BCE5264142F8}.Debug|Any CPU.Build.0 = Debug|Any CPU
		{C0D5204A-DA9A-44B0-9F6C-BCE5264142F8}.Release|Any CPU.ActiveCfg = Release|Any CPU
		{C0D5204A-DA9A-44B0-9F6C-BCE5264142F8}.Release|Any CPU.Build.0 = Release|Any CPU
		{565120B5-E420-4C13-B40C-488084E47517}.Debug|Any CPU.ActiveCfg = Debug|Any CPU
		{565120B5-E420-4C13-B40C-488084E47517}.Debug|Any CPU.Build.0 = Debug|Any CPU
		{565120B5-E420-4C13-B40C-488084E47517}.Release|Any CPU.ActiveCfg = Release|Any CPU
		{565120B5-E420-4C13-B40C-488084E47517}.Release|Any CPU.Build.0 = Release|Any CPU
		{B9C37D44-F4BE-4C62-BFBD-8FDE6AB8D8E8}.Debug|Any CPU.ActiveCfg = Debug|Any CPU
		{B9C37D44-F4BE-4C62-BFBD-8FDE6AB8D8E8}.Debug|Any CPU.Build.0 = Debug|Any CPU
		{B9C37D44-F4BE-4C62-BFBD-8FDE6AB8D8E8}.Release|Any CPU.ActiveCfg = Release|Any CPU
		{B9C37D44-F4BE-4C62-BFBD-8FDE6AB8D8E8}.Release|Any CPU.Build.0 = Release|Any CPU
		{E82C32E5-173D-493E-9D42-88A4A621D261}.Debug|Any CPU.ActiveCfg = Debug|Any CPU
		{E82C32E5-173D-493E-9D42-88A4A621D261}.Debug|Any CPU.Build.0 = Debug|Any CPU
		{E82C32E5-173D-493E-9D42-88A4A621D261}.Release|Any CPU.ActiveCfg = Release|Any CPU
		{E82C32E5-173D-493E-9D42-88A4A621D261}.Release|Any CPU.Build.0 = Release|Any CPU
		{352FA514-6CAC-420E-A1BC-1509804B8D64}.Debug|Any CPU.ActiveCfg = Debug|Any CPU
		{352FA514-6CAC-420E-A1BC-1509804B8D64}.Debug|Any CPU.Build.0 = Debug|Any CPU
		{352FA514-6CAC-420E-A1BC-1509804B8D64}.Release|Any CPU.ActiveCfg = Release|Any CPU
		{352FA514-6CAC-420E-A1BC-1509804B8D64}.Release|Any CPU.Build.0 = Release|Any CPU
		{30485148-A331-4C6F-A7B8-2B6822FCF041}.Debug|Any CPU.ActiveCfg = Debug|Any CPU
		{30485148-A331-4C6F-A7B8-2B6822FCF041}.Debug|Any CPU.Build.0 = Debug|Any CPU
		{30485148-A331-4C6F-A7B8-2B6822FCF041}.Release|Any CPU.ActiveCfg = Release|Any CPU
		{30485148-A331-4C6F-A7B8-2B6822FCF041}.Release|Any CPU.Build.0 = Release|Any CPU
		{93AE94A9-A1F8-48EA-AE7D-BC80EB52996A}.Debug|Any CPU.ActiveCfg = Debug|Any CPU
		{93AE94A9-A1F8-48EA-AE7D-BC80EB52996A}.Debug|Any CPU.Build.0 = Debug|Any CPU
		{93AE94A9-A1F8-48EA-AE7D-BC80EB52996A}.Release|Any CPU.ActiveCfg = Release|Any CPU
		{93AE94A9-A1F8-48EA-AE7D-BC80EB52996A}.Release|Any CPU.Build.0 = Release|Any CPU
		{2D8E3378-9D32-4E72-9235-7A49DF0ECED1}.Debug|Any CPU.ActiveCfg = Debug|Any CPU
		{2D8E3378-9D32-4E72-9235-7A49DF0ECED1}.Debug|Any CPU.Build.0 = Debug|Any CPU
		{2D8E3378-9D32-4E72-9235-7A49DF0ECED1}.Release|Any CPU.ActiveCfg = Release|Any CPU
		{2D8E3378-9D32-4E72-9235-7A49DF0ECED1}.Release|Any CPU.Build.0 = Release|Any CPU
		{531FC3A7-9713-4108-A404-99A0E08B95B0}.Debug|Any CPU.ActiveCfg = Debug|Any CPU
		{531FC3A7-9713-4108-A404-99A0E08B95B0}.Debug|Any CPU.Build.0 = Debug|Any CPU
		{531FC3A7-9713-4108-A404-99A0E08B95B0}.Release|Any CPU.ActiveCfg = Release|Any CPU
		{531FC3A7-9713-4108-A404-99A0E08B95B0}.Release|Any CPU.Build.0 = Release|Any CPU
		{CBD26A6D-E8BE-4691-8226-9FA241D511B7}.Debug|Any CPU.ActiveCfg = Debug|Any CPU
		{CBD26A6D-E8BE-4691-8226-9FA241D511B7}.Debug|Any CPU.Build.0 = Debug|Any CPU
		{CBD26A6D-E8BE-4691-8226-9FA241D511B7}.Release|Any CPU.ActiveCfg = Release|Any CPU
		{CBD26A6D-E8BE-4691-8226-9FA241D511B7}.Release|Any CPU.Build.0 = Release|Any CPU
		{9C258DF5-3A44-468A-9FD7-F2A9EF61FA13}.Debug|Any CPU.ActiveCfg = Debug|Any CPU
		{9C258DF5-3A44-468A-9FD7-F2A9EF61FA13}.Debug|Any CPU.Build.0 = Debug|Any CPU
		{9C258DF5-3A44-468A-9FD7-F2A9EF61FA13}.Release|Any CPU.ActiveCfg = Release|Any CPU
		{9C258DF5-3A44-468A-9FD7-F2A9EF61FA13}.Release|Any CPU.Build.0 = Release|Any CPU
		{6175BDA4-B180-49C9-90EE-E8F77E398CEF}.Debug|Any CPU.ActiveCfg = Debug|Any CPU
		{6175BDA4-B180-49C9-90EE-E8F77E398CEF}.Debug|Any CPU.Build.0 = Debug|Any CPU
		{6175BDA4-B180-49C9-90EE-E8F77E398CEF}.Release|Any CPU.ActiveCfg = Release|Any CPU
		{6175BDA4-B180-49C9-90EE-E8F77E398CEF}.Release|Any CPU.Build.0 = Release|Any CPU
		{B79516C0-1629-420F-93A9-86511CE6DD2C}.Debug|Any CPU.ActiveCfg = Debug|Any CPU
		{B79516C0-1629-420F-93A9-86511CE6DD2C}.Debug|Any CPU.Build.0 = Debug|Any CPU
		{B79516C0-1629-420F-93A9-86511CE6DD2C}.Release|Any CPU.ActiveCfg = Release|Any CPU
		{B79516C0-1629-420F-93A9-86511CE6DD2C}.Release|Any CPU.Build.0 = Release|Any CPU
		{04468708-3F72-4C02-ABFC-E208D51A1B90}.Debug|Any CPU.ActiveCfg = Debug|Any CPU
		{04468708-3F72-4C02-ABFC-E208D51A1B90}.Debug|Any CPU.Build.0 = Debug|Any CPU
		{04468708-3F72-4C02-ABFC-E208D51A1B90}.Release|Any CPU.ActiveCfg = Release|Any CPU
		{04468708-3F72-4C02-ABFC-E208D51A1B90}.Release|Any CPU.Build.0 = Release|Any CPU
		{07662A9C-DE6A-4561-B18A-8DDA097625D2}.Debug|Any CPU.ActiveCfg = Debug|Any CPU
		{07662A9C-DE6A-4561-B18A-8DDA097625D2}.Debug|Any CPU.Build.0 = Debug|Any CPU
		{07662A9C-DE6A-4561-B18A-8DDA097625D2}.Release|Any CPU.ActiveCfg = Release|Any CPU
		{07662A9C-DE6A-4561-B18A-8DDA097625D2}.Release|Any CPU.Build.0 = Release|Any CPU
		{DB027090-2AB3-4B46-8585-4828A26847B4}.Debug|Any CPU.ActiveCfg = Debug|Any CPU
		{DB027090-2AB3-4B46-8585-4828A26847B4}.Debug|Any CPU.Build.0 = Debug|Any CPU
		{DB027090-2AB3-4B46-8585-4828A26847B4}.Release|Any CPU.ActiveCfg = Release|Any CPU
		{DB027090-2AB3-4B46-8585-4828A26847B4}.Release|Any CPU.Build.0 = Release|Any CPU
		{675DF021-9551-4826-BE13-072CD8AE1227}.Debug|Any CPU.ActiveCfg = Debug|Any CPU
		{675DF021-9551-4826-BE13-072CD8AE1227}.Debug|Any CPU.Build.0 = Debug|Any CPU
		{675DF021-9551-4826-BE13-072CD8AE1227}.Release|Any CPU.ActiveCfg = Release|Any CPU
		{675DF021-9551-4826-BE13-072CD8AE1227}.Release|Any CPU.Build.0 = Release|Any CPU
		{43D031CB-8311-4C19-8F94-09100E2D3310}.Debug|Any CPU.ActiveCfg = Debug|Any CPU
		{43D031CB-8311-4C19-8F94-09100E2D3310}.Debug|Any CPU.Build.0 = Debug|Any CPU
		{43D031CB-8311-4C19-8F94-09100E2D3310}.Release|Any CPU.ActiveCfg = Release|Any CPU
		{43D031CB-8311-4C19-8F94-09100E2D3310}.Release|Any CPU.Build.0 = Release|Any CPU
	EndGlobalSection
	GlobalSection(SolutionProperties) = preSolution
		HideSolutionNode = FALSE
	EndGlobalSection
	GlobalSection(ExtensibilityGlobals) = postSolution
		SolutionGuid = {F529F5E6-AA72-4B80-BB63-FA71265959E7}
	EndGlobalSection
EndGlobal
